
Microsoft Visual Studio Solution File, Format Version 12.00
# Visual Studio Version 16
VisualStudioVersion = 16.0.31005.135
MinimumVisualStudioVersion = 10.0.40219.1
Project("{FAE04EC0-301F-11D3-BF4B-00C04F79EFBC}") = "Proyecto_Elecciones2021", "Proyecto_Elecciones2021\Proyecto_Elecciones2021.csproj", "{24EA64BB-7871-4A61-9CCA-7F36C7051C2C}"
EndProject
Global
	GlobalSection(SolutionConfigurationPlatforms) = preSolution
		Debug|Any CPU = Debug|Any CPU
		Release|Any CPU = Release|Any CPU
	EndGlobalSection
	GlobalSection(ProjectConfigurationPlatforms) = postSolution
		{24EA64BB-7871-4A61-9CCA-7F36C7051C2C}.Debug|Any CPU.ActiveCfg = Debug|Any CPU
		{24EA64BB-7871-4A61-9CCA-7F36C7051C2C}.Debug|Any CPU.Build.0 = Debug|Any CPU
		{24EA64BB-7871-4A61-9CCA-7F36C7051C2C}.Release|Any CPU.ActiveCfg = Release|Any CPU
		{24EA64BB-7871-4A61-9CCA-7F36C7051C2C}.Release|Any CPU.Build.0 = Release|Any CPU
	EndGlobalSection
	GlobalSection(SolutionProperties) = preSolution
		HideSolutionNode = FALSE
	EndGlobalSection
	GlobalSection(ExtensibilityGlobals) = postSolution
		SolutionGuid = {4DD21ECD-0D2A-4E62-BAF4-2DB58068CF50}
	EndGlobalSection
EndGlobal
